github.com/gorilla/mux v1.8.0 h1:i40aqfkR1h2SlN9hojwV5ZA91wcXFOvkdNIeFDP5koI=
github.com/gorilla/mux v1.8.0/go.mod h1:DVbg23sWSpFRCP0SfiEN6jmj59UnW/n46BH5rLB71So=
github.com/victorspringer/http-cache v0.0.0-20221205073845-df6d061f29cb h1:sbeLMSlr/x2xHfP02yKW5wofvzyBhsa2Z9r9iMjKpVA=
github.com/victorspringer/http-cache v0.0.0-20221205073845-df6d061f29cb/go.mod h1:D1AD6nlXv7HkIfTVd8ZWK1KQEiXYNy/LbLkx8H9tIQw=
